
Microsoft Visual Studio Solution File, Format Version 12.00
# Visual Studio Version 17
VisualStudioVersion = 17.14.36623.8
MinimumVisualStudioVersion = 10.0.40219.1
Project("{FAE04EC0-301F-11D3-BF4B-00C04F79EFBC}") = "Task1", "Task1\Task1.csproj", "{D0A09E03-8F72-4810-9C32-C1D8C74557D5}"
EndProject
Project("{FAE04EC0-301F-11D3-BF4B-00C04F79EFBC}") = "Task2", "Task2\Task2.csproj", "{C5B61C0D-67EE-4D18-8D20-C0C836A95C4D}"
EndProject
Project("{FAE04EC0-301F-11D3-BF4B-00C04F79EFBC}") = "Task3", "Task3\Task3.csproj", "{BF48DEF5-ECB9-46DB-9C04-A750B4E003E9}"
EndProject
Project("{FAE04EC0-301F-11D3-BF4B-00C04F79EFBC}") = "Task4", "Task4\Task4.csproj", "{3A70EF50-592B-4BE3-9C95-ECC9B27AE165}"
EndProject
Project("{FAE04EC0-301F-11D3-BF4B-00C04F79EFBC}") = "Task5", "Task5\Task5.csproj", "{B28B2A5B-48DB-467E-A1CC-7995BFD4C0F8}"
EndProject
Project("{FAE04EC0-301F-11D3-BF4B-00C04F79EFBC}") = "Task6", "Task6\Task6.csproj", "{5A826045-A935-4F7A-8C16-98F0026DA67C}"
EndProject
Global
	GlobalSection(SolutionConfigurationPlatforms) = preSolution
		Debug|Any CPU = Debug|Any CPU
		Release|Any CPU = Release|Any CPU
	EndGlobalSection
	GlobalSection(ProjectConfigurationPlatforms) = postSolution
		{D0A09E03-8F72-4810-9C32-C1D8C74557D5}.Debug|Any CPU.ActiveCfg = Debug|Any CPU
		{D0A09E03-8F72-4810-9C32-C1D8C74557D5}.Debug|Any CPU.Build.0 = Debug|Any CPU
		{D0A09E03-8F72-4810-9C32-C1D8C74557D5}.Release|Any CPU.ActiveCfg = Release|Any CPU
		{D0A09E03-8F72-4810-9C32-C1D8C74557D5}.Release|Any CPU.Build.0 = Release|Any CPU
		{C5B61C0D-67EE-4D18-8D20-C0C836A95C4D}.Debug|Any CPU.ActiveCfg = Debug|Any CPU
		{C5B61C0D-67EE-4D18-8D20-C0C836A95C4D}.Debug|Any CPU.Build.0 = Debug|Any CPU
		{C5B61C0D-67EE-4D18-8D20-C0C836A95C4D}.Release|Any CPU.ActiveCfg = Release|Any CPU
		{C5B61C0D-67EE-4D18-8D20-C0C836A95C4D}.Release|Any CPU.Build.0 = Release|Any CPU
		{BF48DEF5-ECB9-46DB-9C04-A750B4E003E9}.Debug|Any CPU.ActiveCfg = Debug|Any CPU
		{BF48DEF5-ECB9-46DB-9C04-A750B4E003E9}.Debug|Any CPU.Build.0 = Debug|Any CPU
		{BF48DEF5-ECB9-46DB-9C04-A750B4E003E9}.Release|Any CPU.ActiveCfg = Release|Any CPU
		{BF48DEF5-ECB9-46DB-9C04-A750B4E003E9}.Release|Any CPU.Build.0 = Release|Any CPU
		{3A70EF50-592B-4BE3-9C95-ECC9B27AE165}.Debug|Any CPU.ActiveCfg = Debug|Any CPU
		{3A70EF50-592B-4BE3-9C95-ECC9B27AE165}.Debug|Any CPU.Build.0 = Debug|Any CPU
		{3A70EF50-592B-4BE3-9C95-ECC9B27AE165}.Release|Any CPU.ActiveCfg = Release|Any CPU
		{3A70EF50-592B-4BE3-9C95-ECC9B27AE165}.Release|Any CPU.Build.0 = Release|Any CPU
		{B28B2A5B-48DB-467E-A1CC-7995BFD4C0F8}.Debug|Any CPU.ActiveCfg = Debug|Any CPU
		{B28B2A5B-48DB-467E-A1CC-7995BFD4C0F8}.Debug|Any CPU.Build.0 = Debug|Any CPU
		{B28B2A5B-48DB-467E-A1CC-7995BFD4C0F8}.Release|Any CPU.ActiveCfg = Release|Any CPU
		{B28B2A5B-48DB-467E-A1CC-7995BFD4C0F8}.Release|Any CPU.Build.0 = Release|Any CPU
		{5A826045-A935-4F7A-8C16-98F0026DA67C}.Debug|Any CPU.ActiveCfg = Debug|Any CPU
		{5A826045-A935-4F7A-8C16-98F0026DA67C}.Debug|Any CPU.Build.0 = Debug|Any CPU
		{5A826045-A935-4F7A-8C16-98F0026DA67C}.Release|Any CPU.ActiveCfg = Release|Any CPU
		{5A826045-A935-4F7A-8C16-98F0026DA67C}.Release|Any CPU.Build.0 = Release|Any CPU
	EndGlobalSection
	GlobalSection(SolutionProperties) = preSolution
		HideSolutionNode = FALSE
	EndGlobalSection
	GlobalSection(ExtensibilityGlobals) = postSolution
		SolutionGuid = {C98B750B-59F9-4910-8442-5F9787EADC77}
	EndGlobalSection
EndGlobal
